schema: '2.0'
stages:
  load_data:
    cmd: python -m src.data_loading.load_data
    deps:
    - path: src/data_loading/load_data.py
      hash: md5
      md5: 2e38c5ad12ff8f3113e57ba19c35cfa6
      size: 1482
    outs:
    - path: data/raw/raw.csv
      hash: md5
      md5: 74c361308146ce07daefad7d5dafe33c
      size: 116187
  preprocess_data:
    cmd: python -m src.data_preprocessing.preprocess_data
    deps:
    - path: data/raw/raw.csv
      hash: md5
      md5: 74c361308146ce07daefad7d5dafe33c
      size: 116187
    - path: src/data_preprocessing/preprocess_data.py
      hash: md5
      md5: 727f22f9650a9dfb2b1a217912d46034
      size: 3993
    params:
      params.yaml:
        preprocess_data.random_seed: 42
        preprocess_data.test_size: 0.25
    outs:
    - path: artifacts/[features]_mean_imputer.joblib
      hash: md5
      md5: c0b3fe0b7dd8d758df206f4f9c550de5
      size: 1511
    - path: data/preprocessed/test_preprocessed.csv
      hash: md5
      md5: 90fe130ff7797c04f6c556465b264daf
      size: 33295
    - path: data/preprocessed/train_preprocessed.csv
      hash: md5
      md5: 24c9afb974b5e1454260e8f651ecaeb0
      size: 98651
  engineer_features:
    cmd: python -m src.feature_engineering.engineer_features
    deps:
    - path: data/preprocessed/test_preprocessed.csv
      hash: md5
      md5: 90fe130ff7797c04f6c556465b264daf
      size: 33295
    - path: data/preprocessed/train_preprocessed.csv
      hash: md5
      md5: 24c9afb974b5e1454260e8f651ecaeb0
      size: 98651
    - path: src/feature_engineering/engineer_features.py
      hash: md5
      md5: f8446b81a185b5c5d4b06fd60a3b9b9f
      size: 3052
    outs:
    - path: artifacts/[features]_scaler.joblib
      hash: md5
      md5: 4bbbb77e3033b8fa2cb615f510a311f8
      size: 2135
    - path: data/processed/test_processed.csv
      hash: md5
      md5: 0a4d55c2081a20bad61626d536086fda
      size: 85232
    - path: data/processed/train_processed.csv
      hash: md5
      md5: 8df2c0eb6ec393a8d26945dd8ea51083
      size: 252441
  train:
    cmd: python -m src.model_training.train_model
    deps:
    - path: data/processed/train_processed.csv
      hash: md5
      md5: 8df2c0eb6ec393a8d26945dd8ea51083
      size: 252441
    - path: src/model_training/train_model.py
      hash: md5
      md5: 22396c8a8ddcaac0883cb52eba97302d
      size: 6822
    params:
      params.yaml:
        train.batch_size: 16
        train.dropout_rate: 0.3
        train.epochs: 100
        train.hidden_layer_1_neurons: 64
        train.hidden_layer_2_neurons: 32
        train.learning_rate: 0.001
    outs:
    - path: artifacts/[target]_one_hot_encoder.joblib
      hash: md5
      md5: 9c68e41a114fdb0985121e8d89f055bc
      size: 617
    - path: metrics/training.json
      hash: md5
      md5: 8a78e21d37061fbb9277db2a9b0f6d6c
      size: 139
    - path: models/model.keras
      hash: md5
      md5: 7220a7793dc1047c2c166fbb47e836ba
      size: 79417
  evaluate:
    cmd: python -m src.model_evaluation.evaluate_model
    deps:
    - path: artifacts/[target]_one_hot_encoder.joblib
      hash: md5
      md5: 9c68e41a114fdb0985121e8d89f055bc
      size: 617
    - path: data/processed/test_processed.csv
      hash: md5
      md5: 0a4d55c2081a20bad61626d536086fda
      size: 85232
    - path: models/model.keras
      hash: md5
      md5: 7220a7793dc1047c2c166fbb47e836ba
      size: 79417
    - path: src/model_evaluation/evaluate_model.py
      hash: md5
      md5: 3c7a5e7b3e0364ab633fb01e6f016811
      size: 3217
    outs:
    - path: metrics/evaluation.json
      hash: md5
      md5: 02269030df63d786c57266889def606d
      size: 790
