schema: '2.0'
stages:
  load_data:
    cmd: python -m src.data_loading.load_data
    deps:
    - path: src/data_loading/load_data.py
      hash: md5
      md5: 2e38c5ad12ff8f3113e57ba19c35cfa6
      size: 1482
    outs:
    - path: data/raw/raw.csv
      hash: md5
      md5: b00b10bb8bb4522f7f42d990293dc65f
      size: 116187
  preprocess_data:
    cmd: python -m src.data_preprocessing.preprocess_data
    deps:
    - path: data/raw/raw.csv
      hash: md5
      md5: b00b10bb8bb4522f7f42d990293dc65f
      size: 116187
    - path: src/data_preprocessing/preprocess_data.py
      hash: md5
      md5: 727f22f9650a9dfb2b1a217912d46034
      size: 3993
    params:
      params.yaml:
        preprocess_data.random_seed: 42
        preprocess_data.test_size: 0.25
    outs:
    - path: artifacts/[features]_mean_imputer.joblib
      hash: md5
      md5: 958605c41de85b97b47f5d5c16b28cde
      size: 1511
    - path: data/preprocessed/test_preprocessed.csv
      hash: md5
      md5: b60075de03d8aa149464e690da029348
      size: 33697
    - path: data/preprocessed/train_preprocessed.csv
      hash: md5
      md5: efddd6503c19ae4348d4be929a04c11f
      size: 98910
  engineer_features:
    cmd: python -m src.feature_engineering.engineer_features
    deps:
    - path: data/preprocessed/test_preprocessed.csv
      hash: md5
      md5: b60075de03d8aa149464e690da029348
      size: 33697
    - path: data/preprocessed/train_preprocessed.csv
      hash: md5
      md5: efddd6503c19ae4348d4be929a04c11f
      size: 98910
    - path: src/feature_engineering/engineer_features.py
      hash: md5
      md5: f8446b81a185b5c5d4b06fd60a3b9b9f
      size: 3052
    outs:
    - path: artifacts/[features]_scaler.joblib
      hash: md5
      md5: 4072b0ce0c64add626a2702b43eaf60e
      size: 2135
    - path: data/processed/test_processed.csv
      hash: md5
      md5: 3b114bee40b955e57a47c297f4835b56
      size: 85117
    - path: data/processed/train_processed.csv
      hash: md5
      md5: 171b1e99d6426e25b86cd56f113cd90d
      size: 252639
  train:
    cmd: python -m src.model_training.train_model
    deps:
    - path: data/processed/train_processed.csv
      hash: md5
      md5: 171b1e99d6426e25b86cd56f113cd90d
      size: 252639
    - path: src/model_training/train_model.py
      hash: md5
      md5: 524f968fac1909731846723f3b3ed3a9
      size: 6027
    params:
      params.yaml:
        train.batch_size: 16
        train.dropout_rate: 0.3
        train.epochs: 100
        train.hidden_layer_1_neurons: 64
        train.hidden_layer_2_neurons: 32
        train.learning_rate: 0.001
    outs:
    - path: artifacts/[target]_one_hot_encoder.joblib
      hash: md5
      md5: 9c68e41a114fdb0985121e8d89f055bc
      size: 617
    - path: metrics/training.json
      hash: md5
      md5: 07334ea8d769120b162cd5436532cc96
      size: 141
    - path: models/model.keras
      hash: md5
      md5: 3d0b4c5a2ff88329773f8e7646372c92
      size: 79417
  evaluate:
    cmd: python -m src.model_evaluation.evaluate_model
    deps:
    - path: artifacts/[target]_one_hot_encoder.joblib
      hash: md5
      md5: 9c68e41a114fdb0985121e8d89f055bc
      size: 617
    - path: data/processed/test_processed.csv
      hash: md5
      md5: 3b114bee40b955e57a47c297f4835b56
      size: 85117
    - path: models/model.keras
      hash: md5
      md5: 3d0b4c5a2ff88329773f8e7646372c92
      size: 79417
    - path: src/model_evaluation/evaluate_model.py
      hash: md5
      md5: 3c7a5e7b3e0364ab633fb01e6f016811
      size: 3217
    outs:
    - path: metrics/evaluation.json
      hash: md5
      md5: d1bb94036694129897998ab179f9e6a2
      size: 787
